
Microsoft Visual Studio Solution File, Format Version 12.00
# Visual Studio Version 16
VisualStudioVersion = 16.0.28803.452
MinimumVisualStudioVersion = 10.0.40219.1
Project("{8BC9CEB8-8B4A-11D0-8D11-00A0C91BC942}") = "Program Sort", "Program Sort\Program Sort.vcxproj", "{6AD20201-AA51-43D1-8AF9-34CA2A211FBC}"
EndProject
Global
	GlobalSection(SolutionConfigurationPlatforms) = preSolution
		Debug|x64 = Debug|x64
		Debug|x86 = Debug|x86
		Release|x64 = Release|x64
		Release|x86 = Release|x86
	EndGlobalSection
	GlobalSection(ProjectConfigurationPlatforms) = postSolution
		{6AD20201-AA51-43D1-8AF9-34CA2A211FBC}.Debug|x64.ActiveCfg = Debug|x64
		{6AD20201-AA51-43D1-8AF9-34CA2A211FBC}.Debug|x64.Build.0 = Debug|x64
		{6AD20201-AA51-43D1-8AF9-34CA2A211FBC}.Debug|x86.ActiveCfg = Debug|Win32
		{6AD20201-AA51-43D1-8AF9-34CA2A211FBC}.Debug|x86.Build.0 = Debug|Win32
		{6AD20201-AA51-43D1-8AF9-34CA2A211FBC}.Release|x64.ActiveCfg = Release|x64
		{6AD20201-AA51-43D1-8AF9-34CA2A211FBC}.Release|x64.Build.0 = Release|x64
		{6AD20201-AA51-43D1-8AF9-34CA2A211FBC}.Release|x86.ActiveCfg = Release|Win32
		{6AD20201-AA51-43D1-8AF9-34CA2A211FBC}.Release|x86.Build.0 = Release|Win32
	EndGlobalSection
	GlobalSection(SolutionProperties) = preSolution
		HideSolutionNode = FALSE
	EndGlobalSection
	GlobalSection(ExtensibilityGlobals) = postSolution
		SolutionGuid = {47728B86-0233-4B98-9CD0-06CB03D3D5A7}
	EndGlobalSection
EndGlobal
