
Microsoft Visual Studio Solution File, Format Version 12.00
# Visual Studio Version 16
VisualStudioVersion = 16.0.28803.452
MinimumVisualStudioVersion = 10.0.40219.1
Project("{8BC9CEB8-8B4A-11D0-8D11-00A0C91BC942}") = "Program Selection sort", "Program Selection sort\Program Selection sort.vcxproj", "{DF0E4DD9-DAE5-4504-92A5-B2380C3974C4}"
EndProject
Global
	GlobalSection(SolutionConfigurationPlatforms) = preSolution
		Debug|x64 = Debug|x64
		Debug|x86 = Debug|x86
		Release|x64 = Release|x64
		Release|x86 = Release|x86
	EndGlobalSection
	GlobalSection(ProjectConfigurationPlatforms) = postSolution
		{DF0E4DD9-DAE5-4504-92A5-B2380C3974C4}.Debug|x64.ActiveCfg = Debug|x64
		{DF0E4DD9-DAE5-4504-92A5-B2380C3974C4}.Debug|x64.Build.0 = Debug|x64
		{DF0E4DD9-DAE5-4504-92A5-B2380C3974C4}.Debug|x86.ActiveCfg = Debug|Win32
		{DF0E4DD9-DAE5-4504-92A5-B2380C3974C4}.Debug|x86.Build.0 = Debug|Win32
		{DF0E4DD9-DAE5-4504-92A5-B2380C3974C4}.Release|x64.ActiveCfg = Release|x64
		{DF0E4DD9-DAE5-4504-92A5-B2380C3974C4}.Release|x64.Build.0 = Release|x64
		{DF0E4DD9-DAE5-4504-92A5-B2380C3974C4}.Release|x86.ActiveCfg = Release|Win32
		{DF0E4DD9-DAE5-4504-92A5-B2380C3974C4}.Release|x86.Build.0 = Release|Win32
	EndGlobalSection
	GlobalSection(SolutionProperties) = preSolution
		HideSolutionNode = FALSE
	EndGlobalSection
	GlobalSection(ExtensibilityGlobals) = postSolution
		SolutionGuid = {4C9FCF8B-1247-4D1C-B083-92388A66D271}
	EndGlobalSection
EndGlobal
